
Microsoft Visual Studio Solution File, Format Version 12.00
# Visual Studio Version 16
VisualStudioVersion = 16.0.29306.81
MinimumVisualStudioVersion = 10.0.40219.1
Project("{F184B08F-C81C-45F6-A57F-5ABD9991F28F}") = "ArcExplorer", "ArcExplorer\ArcExplorer.vbproj", "{8BB07123-8D18-4BCC-892D-8E11B4ED3763}"
EndProject
Project("{2150E333-8FDC-42A3-9474-1A3956D46DE8}") = "DigiSped.Common", "DigiSped.Common", "{6C25BB10-38EA-448D-9F93-0CBCDDFE9A46}"
EndProject
Project("{FAE04EC0-301F-11D3-BF4B-00C04F79EFBC}") = "DigiSped.Common.Tools", "..\DigiSped.Common\DigiSped.Common.Tools\DigiSped.Common.Tools.csproj", "{F3CEF694-63DF-4971-A75C-025584343F69}"
EndProject
Project("{FAE04EC0-301F-11D3-BF4B-00C04F79EFBC}") = "DigiSped.Common.Interfaces", "..\DigiSped.Common\DigiSped.Common.Interfaces\DigiSped.Common.Interfaces.csproj", "{76D0DCFE-B032-4474-B9E5-659288A52E17}"
EndProject
Project("{FAE04EC0-301F-11D3-BF4B-00C04F79EFBC}") = "DigiSped.Common.Database", "..\DigiSped.Common\DigiSped.Common.Database\DigiSped.Common.Database.csproj", "{CA2912E7-FD63-4E34-B679-C35EE3310960}"
EndProject
Global
	GlobalSection(SolutionConfigurationPlatforms) = preSolution
		Debug|Any CPU = Debug|Any CPU
		Debug|x64 = Debug|x64
		Debug|x86 = Debug|x86
		Local|Any CPU = Local|Any CPU
		Local|x64 = Local|x64
		Local|x86 = Local|x86
		Main|Any CPU = Main|Any CPU
		Main|x64 = Main|x64
		Main|x86 = Main|x86
		Release|Any CPU = Release|Any CPU
		Release|x64 = Release|x64
		Release|x86 = Release|x86
	EndGlobalSection
	GlobalSection(ProjectConfigurationPlatforms) = postSolution
		{8BB07123-8D18-4BCC-892D-8E11B4ED3763}.Debug|Any CPU.ActiveCfg = Debug|Any CPU
		{8BB07123-8D18-4BCC-892D-8E11B4ED3763}.Debug|Any CPU.Build.0 = Debug|Any CPU
		{8BB07123-8D18-4BCC-892D-8E11B4ED3763}.Debug|x64.ActiveCfg = Debug|x64
		{8BB07123-8D18-4BCC-892D-8E11B4ED3763}.Debug|x64.Build.0 = Debug|x64
		{8BB07123-8D18-4BCC-892D-8E11B4ED3763}.Debug|x86.ActiveCfg = Debug|x86
		{8BB07123-8D18-4BCC-892D-8E11B4ED3763}.Debug|x86.Build.0 = Debug|x86
		{8BB07123-8D18-4BCC-892D-8E11B4ED3763}.Local|Any CPU.ActiveCfg = Local|Any CPU
		{8BB07123-8D18-4BCC-892D-8E11B4ED3763}.Local|Any CPU.Build.0 = Local|Any CPU
		{8BB07123-8D18-4BCC-892D-8E11B4ED3763}.Local|x64.ActiveCfg = Local|x64
		{8BB07123-8D18-4BCC-892D-8E11B4ED3763}.Local|x64.Build.0 = Local|x64
		{8BB07123-8D18-4BCC-892D-8E11B4ED3763}.Local|x86.ActiveCfg = Local|x86
		{8BB07123-8D18-4BCC-892D-8E11B4ED3763}.Local|x86.Build.0 = Local|x86
		{8BB07123-8D18-4BCC-892D-8E11B4ED3763}.Main|Any CPU.ActiveCfg = Main|Any CPU
		{8BB07123-8D18-4BCC-892D-8E11B4ED3763}.Main|Any CPU.Build.0 = Main|Any CPU
		{8BB07123-8D18-4BCC-892D-8E11B4ED3763}.Main|x64.ActiveCfg = Main|x64
		{8BB07123-8D18-4BCC-892D-8E11B4ED3763}.Main|x64.Build.0 = Main|x64
		{8BB07123-8D18-4BCC-892D-8E11B4ED3763}.Main|x86.ActiveCfg = Main|x86
		{8BB07123-8D18-4BCC-892D-8E11B4ED3763}.Main|x86.Build.0 = Main|x86
		{8BB07123-8D18-4BCC-892D-8E11B4ED3763}.Release|Any CPU.ActiveCfg = Release|Any CPU
		{8BB07123-8D18-4BCC-892D-8E11B4ED3763}.Release|Any CPU.Build.0 = Release|Any CPU
		{8BB07123-8D18-4BCC-892D-8E11B4ED3763}.Release|x64.ActiveCfg = Release|x64
		{8BB07123-8D18-4BCC-892D-8E11B4ED3763}.Release|x64.Build.0 = Release|x64
		{8BB07123-8D18-4BCC-892D-8E11B4ED3763}.Release|x86.ActiveCfg = Release|x86
		{8BB07123-8D18-4BCC-892D-8E11B4ED3763}.Release|x86.Build.0 = Release|x86
		{F3CEF694-63DF-4971-A75C-025584343F69}.Debug|Any CPU.ActiveCfg = Debug|Any CPU
		{F3CEF694-63DF-4971-A75C-025584343F69}.Debug|Any CPU.Build.0 = Debug|Any CPU
		{F3CEF694-63DF-4971-A75C-025584343F69}.Debug|x64.ActiveCfg = Debug|x64
		{F3CEF694-63DF-4971-A75C-025584343F69}.Debug|x64.Build.0 = Debug|x64
		{F3CEF694-63DF-4971-A75C-025584343F69}.Debug|x86.ActiveCfg = Debug|x86
		{F3CEF694-63DF-4971-A75C-025584343F69}.Debug|x86.Build.0 = Debug|x86
		{F3CEF694-63DF-4971-A75C-025584343F69}.Local|Any CPU.ActiveCfg = Local|Any CPU
		{F3CEF694-63DF-4971-A75C-025584343F69}.Local|Any CPU.Build.0 = Local|Any CPU
		{F3CEF694-63DF-4971-A75C-025584343F69}.Local|x64.ActiveCfg = Local|x64
		{F3CEF694-63DF-4971-A75C-025584343F69}.Local|x64.Build.0 = Local|x64
		{F3CEF694-63DF-4971-A75C-025584343F69}.Local|x86.ActiveCfg = Local|x86
		{F3CEF694-63DF-4971-A75C-025584343F69}.Local|x86.Build.0 = Local|x86
		{F3CEF694-63DF-4971-A75C-025584343F69}.Main|Any CPU.ActiveCfg = Main|Any CPU
		{F3CEF694-63DF-4971-A75C-025584343F69}.Main|Any CPU.Build.0 = Main|Any CPU
		{F3CEF694-63DF-4971-A75C-025584343F69}.Main|x64.ActiveCfg = Main|x64
		{F3CEF694-63DF-4971-A75C-025584343F69}.Main|x64.Build.0 = Main|x64
		{F3CEF694-63DF-4971-A75C-025584343F69}.Main|x86.ActiveCfg = Main|x86
		{F3CEF694-63DF-4971-A75C-025584343F69}.Main|x86.Build.0 = Main|x86
		{F3CEF694-63DF-4971-A75C-025584343F69}.Release|Any CPU.ActiveCfg = Release|Any CPU
		{F3CEF694-63DF-4971-A75C-025584343F69}.Release|Any CPU.Build.0 = Release|Any CPU
		{F3CEF694-63DF-4971-A75C-025584343F69}.Release|x64.ActiveCfg = Release|x64
		{F3CEF694-63DF-4971-A75C-025584343F69}.Release|x64.Build.0 = Release|x64
		{F3CEF694-63DF-4971-A75C-025584343F69}.Release|x86.ActiveCfg = Release|x86
		{F3CEF694-63DF-4971-A75C-025584343F69}.Release|x86.Build.0 = Release|x86
		{76D0DCFE-B032-4474-B9E5-659288A52E17}.Debug|Any CPU.ActiveCfg = Debug|Any CPU
		{76D0DCFE-B032-4474-B9E5-659288A52E17}.Debug|Any CPU.Build.0 = Debug|Any CPU
		{76D0DCFE-B032-4474-B9E5-659288A52E17}.Debug|x64.ActiveCfg = Debug|Any CPU
		{76D0DCFE-B032-4474-B9E5-659288A52E17}.Debug|x64.Build.0 = Debug|Any CPU
		{76D0DCFE-B032-4474-B9E5-659288A52E17}.Debug|x86.ActiveCfg = Debug|x86
		{76D0DCFE-B032-4474-B9E5-659288A52E17}.Debug|x86.Build.0 = Debug|x86
		{76D0DCFE-B032-4474-B9E5-659288A52E17}.Local|Any CPU.ActiveCfg = Release|Any CPU
		{76D0DCFE-B032-4474-B9E5-659288A52E17}.Local|Any CPU.Build.0 = Release|Any CPU
		{76D0DCFE-B032-4474-B9E5-659288A52E17}.Local|x64.ActiveCfg = Release|Any CPU
		{76D0DCFE-B032-4474-B9E5-659288A52E17}.Local|x64.Build.0 = Release|Any CPU
		{76D0DCFE-B032-4474-B9E5-659288A52E17}.Local|x86.ActiveCfg = Release|x86
		{76D0DCFE-B032-4474-B9E5-659288A52E17}.Local|x86.Build.0 = Release|x86
		{76D0DCFE-B032-4474-B9E5-659288A52E17}.Main|Any CPU.ActiveCfg = Release|Any CPU
		{76D0DCFE-B032-4474-B9E5-659288A52E17}.Main|Any CPU.Build.0 = Release|Any CPU
		{76D0DCFE-B032-4474-B9E5-659288A52E17}.Main|x64.ActiveCfg = Release|Any CPU
		{76D0DCFE-B032-4474-B9E5-659288A52E17}.Main|x64.Build.0 = Release|Any CPU
		{76D0DCFE-B032-4474-B9E5-659288A52E17}.Main|x86.ActiveCfg = Release|x86
		{76D0DCFE-B032-4474-B9E5-659288A52E17}.Main|x86.Build.0 = Release|x86
		{76D0DCFE-B032-4474-B9E5-659288A52E17}.Release|Any CPU.ActiveCfg = Release|Any CPU
		{76D0DCFE-B032-4474-B9E5-659288A52E17}.Release|Any CPU.Build.0 = Release|Any CPU
		{76D0DCFE-B032-4474-B9E5-659288A52E17}.Release|x64.ActiveCfg = Release|Any CPU
		{76D0DCFE-B032-4474-B9E5-659288A52E17}.Release|x64.Build.0 = Release|Any CPU
		{76D0DCFE-B032-4474-B9E5-659288A52E17}.Release|x86.ActiveCfg = Release|x86
		{76D0DCFE-B032-4474-B9E5-659288A52E17}.Release|x86.Build.0 = Release|x86
		{CA2912E7-FD63-4E34-B679-C35EE3310960}.Debug|Any CPU.ActiveCfg = Debug|Any CPU
		{CA2912E7-FD63-4E34-B679-C35EE3310960}.Debug|Any CPU.Build.0 = Debug|Any CPU
		{CA2912E7-FD63-4E34-B679-C35EE3310960}.Debug|x64.ActiveCfg = Debug|Any CPU
		{CA2912E7-FD63-4E34-B679-C35EE3310960}.Debug|x64.Build.0 = Debug|Any CPU
		{CA2912E7-FD63-4E34-B679-C35EE3310960}.Debug|x86.ActiveCfg = Debug|x86
		{CA2912E7-FD63-4E34-B679-C35EE3310960}.Debug|x86.Build.0 = Debug|x86
		{CA2912E7-FD63-4E34-B679-C35EE3310960}.Local|Any CPU.ActiveCfg = Release|Any CPU
		{CA2912E7-FD63-4E34-B679-C35EE3310960}.Local|Any CPU.Build.0 = Release|Any CPU
		{CA2912E7-FD63-4E34-B679-C35EE3310960}.Local|x64.ActiveCfg = Release|Any CPU
		{CA2912E7-FD63-4E34-B679-C35EE3310960}.Local|x64.Build.0 = Release|Any CPU
		{CA2912E7-FD63-4E34-B679-C35EE3310960}.Local|x86.ActiveCfg = Release|x86
		{CA2912E7-FD63-4E34-B679-C35EE3310960}.Local|x86.Build.0 = Release|x86
		{CA2912E7-FD63-4E34-B679-C35EE3310960}.Main|Any CPU.ActiveCfg = Release|Any CPU
		{CA2912E7-FD63-4E34-B679-C35EE3310960}.Main|Any CPU.Build.0 = Release|Any CPU
		{CA2912E7-FD63-4E34-B679-C35EE3310960}.Main|x64.ActiveCfg = Release|Any CPU
		{CA2912E7-FD63-4E34-B679-C35EE3310960}.Main|x64.Build.0 = Release|Any CPU
		{CA2912E7-FD63-4E34-B679-C35EE3310960}.Main|x86.ActiveCfg = Release|x86
		{CA2912E7-FD63-4E34-B679-C35EE3310960}.Main|x86.Build.0 = Release|x86
		{CA2912E7-FD63-4E34-B679-C35EE3310960}.Release|Any CPU.ActiveCfg = Release|Any CPU
		{CA2912E7-FD63-4E34-B679-C35EE3310960}.Release|Any CPU.Build.0 = Release|Any CPU
		{CA2912E7-FD63-4E34-B679-C35EE3310960}.Release|x64.ActiveCfg = Release|Any CPU
		{CA2912E7-FD63-4E34-B679-C35EE3310960}.Release|x64.Build.0 = Release|Any CPU
		{CA2912E7-FD63-4E34-B679-C35EE3310960}.Release|x86.ActiveCfg = Release|x86
		{CA2912E7-FD63-4E34-B679-C35EE3310960}.Release|x86.Build.0 = Release|x86
	EndGlobalSection
	GlobalSection(SolutionProperties) = preSolution
		HideSolutionNode = FALSE
	EndGlobalSection
	GlobalSection(NestedProjects) = preSolution
		{F3CEF694-63DF-4971-A75C-025584343F69} = {6C25BB10-38EA-448D-9F93-0CBCDDFE9A46}
		{76D0DCFE-B032-4474-B9E5-659288A52E17} = {6C25BB10-38EA-448D-9F93-0CBCDDFE9A46}
		{CA2912E7-FD63-4E34-B679-C35EE3310960} = {6C25BB10-38EA-448D-9F93-0CBCDDFE9A46}
	EndGlobalSection
	GlobalSection(ExtensibilityGlobals) = postSolution
		SolutionGuid = {024C289F-805E-4F07-B6C9-E44B190F3E81}
	EndGlobalSection
EndGlobal
